// !$*UTF8*$!
{
	archiveVersion = 1;
	classes = {
	};
	objectVersion = 46;
	objects = {

/* Begin PBXBuildFile section */
		C65D08031AAE46A900A18653 /* ResizableRectangleView.swift in Sources */ = {isa = PBXBuildFile; fileRef = C65D08021AAE46A900A18653 /* ResizableRectangleView.swift */; };
		C65D08051AAE47CB00A18653 /* DrawableView.swift in Sources */ = {isa = PBXBuildFile; fileRef = C65D08041AAE47CB00A18653 /* DrawableView.swift */; };
		C65D08071AAF356A00A18653 /* ColorPickerView.swift in Sources */ = {isa = PBXBuildFile; fileRef = C65D08061AAF356A00A18653 /* ColorPickerView.swift */; };
		C65D08091AAF731800A18653 /* hand.jpg in Resources */ = {isa = PBXBuildFile; fileRef = C65D08081AAF731800A18653 /* hand.jpg */; };
		C6A324611AAE2F59000CC2F2 /* AppDelegate.swift in Sources */ = {isa = PBXBuildFile; fileRef = C6A324601AAE2F59000CC2F2 /* AppDelegate.swift */; };
		C6A324631AAE2F59000CC2F2 /* ViewController.swift in Sources */ = {isa = PBXBuildFile; fileRef = C6A324621AAE2F59000CC2F2 /* ViewController.swift */; };
		C6A324661AAE2F59000CC2F2 /* Main.storyboard in Resources */ = {isa = PBXBuildFile; fileRef = C6A324641AAE2F59000CC2F2 /* Main.storyboard */; };
		C6A324681AAE2F59000CC2F2 /* Images.xcassets in Resources */ = {isa = PBXBuildFile; fileRef = C6A324671AAE2F59000CC2F2 /* Images.xcassets */; };
		C6A3246B1AAE2F59000CC2F2 /* LaunchScreen.xib in Resources */ = {isa = PBXBuildFile; fileRef = C6A324691AAE2F59000CC2F2 /* LaunchScreen.xib */; };
		C6A324771AAE2F59000CC2F2 /* DrawShapesTests.swift in Sources */ = {isa = PBXBuildFile; fileRef = C6A324761AAE2F59000CC2F2 /* DrawShapesTests.swift */; };
/* End PBXBuildFile section */

/* Begin PBXContainerItemProxy section */
		C6A324711AAE2F59000CC2F2 /* PBXContainerItemProxy */ = {
			isa = PBXContainerItemProxy;
			containerPortal = C6A324531AAE2F59000CC2F2 /* Project object */;
			proxyType = 1;
			remoteGlobalIDString = C6A3245A1AAE2F59000CC2F2;
			remoteInfo = DrawShapes;
		};
/* End PBXContainerItemProxy section */

/* Begin PBXFileReference section */
		C65D08021AAE46A900A18653 /* ResizableRectangleView.swift */ = {isa = PBXFileReference; fileEncoding = 4; lastKnownFileType = sourcecode.swift; path = ResizableRectangleView.swift; sourceTree = "<group>"; };
		C65D08041AAE47CB00A18653 /* DrawableView.swift */ = {isa = PBXFileReference; fileEncoding = 4; lastKnownFileType = sourcecode.swift; path = DrawableView.swift; sourceTree = "<group>"; };
		C65D08061AAF356A00A18653 /* ColorPickerView.swift */ = {isa = PBXFileReference; fileEncoding = 4; lastKnownFileType = sourcecode.swift; path = ColorPickerView.swift; sourceTree = "<group>"; };
		C65D08081AAF731800A18653 /* hand.jpg */ = {isa = PBXFileReference; lastKnownFileType = image.jpeg; path = hand.jpg; sourceTree = "<group>"; };
		C6A3245B1AAE2F59000CC2F2 /* DrawShapes.app */ = {isa = PBXFileReference; explicitFileType = wrapper.application; includeInIndex = 0; path = DrawShapes.app; sourceTree = BUILT_PRODUCTS_DIR; };
		C6A3245F1AAE2F59000CC2F2 /* Info.plist */ = {isa = PBXFileReference; lastKnownFileType = text.plist.xml; path = Info.plist; sourceTree = "<group>"; };
		C6A324601AAE2F59000CC2F2 /* AppDelegate.swift */ = {isa = PBXFileReference; lastKnownFileType = sourcecode.swift; path = AppDelegate.swift; sourceTree = "<group>"; };
		C6A324621AAE2F59000CC2F2 /* ViewController.swift */ = {isa = PBXFileReference; lastKnownFileType = sourcecode.swift; path = ViewController.swift; sourceTree = "<group>"; };
		C6A324651AAE2F59000CC2F2 /* Base */ = {isa = PBXFileReference; lastKnownFileType = file.storyboard; name = Base; path = Base.lproj/Main.storyboard; sourceTree = "<group>"; };
		C6A324671AAE2F59000CC2F2 /* Images.xcassets */ = {isa = PBXFileReference; lastKnownFileType = folder.assetcatalog; path = Images.xcassets; sourceTree = "<group>"; };
		C6A3246A1AAE2F59000CC2F2 /* Base */ = {isa = PBXFileReference; lastKnownFileType = file.xib; name = Base; path = Base.lproj/LaunchScreen.xib; sourceTree = "<group>"; };
		C6A324701AAE2F59000CC2F2 /* DrawShapesTests.xctest */ = {isa = PBXFileReference; explicitFileType = wrapper.cfbundle; includeInIndex = 0; path = DrawShapesTests.xctest; sourceTree = BUILT_PRODUCTS_DIR; };
		C6A324751AAE2F59000CC2F2 /* Info.plist */ = {isa = PBXFileReference; lastKnownFileType = text.plist.xml; path = Info.plist; sourceTree = "<group>"; };
		C6A324761AAE2F59000CC2F2 /* DrawShapesTests.swift */ = {isa = PBXFileReference; lastKnownFileType = sourcecode.swift; path = DrawShapesTests.swift; sourceTree = "<group>"; };
/* End PBXFileReference section */

/* Begin PBXFrameworksBuildPhase section */
		C6A324581AAE2F59000CC2F2 /* Frameworks */ = {
			isa = PBXFrameworksBuildPhase;
			buildActionMask = 2147483647;
			files = (
			);
			runOnlyForDeploymentPostprocessing = 0;
		};
		C6A3246D1AAE2F59000CC2F2 /* Frameworks */ = {
			isa = PBXFrameworksBuildPhase;
			buildActionMask = 2147483647;
			files = (
			);
			runOnlyForDeploymentPostprocessing = 0;
		};
/* End PBXFrameworksBuildPhase section */

/* Begin PBXGroup section */
		C6A324521AAE2F59000CC2F2 = {
			isa = PBXGroup;
			children = (
				C6A3245D1AAE2F59000CC2F2 /* DrawShapes */,
				C6A324731AAE2F59000CC2F2 /* DrawShapesTests */,
				C6A3245C1AAE2F59000CC2F2 /* Products */,
			);
			sourceTree = "<group>";
		};
		C6A3245C1AAE2F59000CC2F2 /* Products */ = {
			isa = PBXGroup;
			children = (
				C6A3245B1AAE2F59000CC2F2 /* DrawShapes.app */,
				C6A324701AAE2F59000CC2F2 /* DrawShapesTests.xctest */,
			);
			name = Products;
			sourceTree = "<group>";
		};
		C6A3245D1AAE2F59000CC2F2 /* DrawShapes */ = {
			isa = PBXGroup;
			children = (
				C6A324601AAE2F59000CC2F2 /* AppDelegate.swift */,
				C6A324621AAE2F59000CC2F2 /* ViewController.swift */,
				C65D08041AAE47CB00A18653 /* DrawableView.swift */,
				C65D08061AAF356A00A18653 /* ColorPickerView.swift */,
				C65D08021AAE46A900A18653 /* ResizableRectangleView.swift */,
				C6A324641AAE2F59000CC2F2 /* Main.storyboard */,
				C6A324671AAE2F59000CC2F2 /* Images.xcassets */,
				C6A324691AAE2F59000CC2F2 /* LaunchScreen.xib */,
				C6A3245E1AAE2F59000CC2F2 /* Supporting Files */,
			);
			path = DrawShapes;
			sourceTree = "<group>";
		};
		C6A3245E1AAE2F59000CC2F2 /* Supporting Files */ = {
			isa = PBXGroup;
			children = (
				C65D08081AAF731800A18653 /* hand.jpg */,
				C6A3245F1AAE2F59000CC2F2 /* Info.plist */,
			);
			name = "Supporting Files";
			sourceTree = "<group>";
		};
		C6A324731AAE2F59000CC2F2 /* DrawShapesTests */ = {
			isa = PBXGroup;
			children = (
				C6A324761AAE2F59000CC2F2 /* DrawShapesTests.swift */,
				C6A324741AAE2F59000CC2F2 /* Supporting Files */,
			);
			path = DrawShapesTests;
			sourceTree = "<group>";
		};
		C6A324741AAE2F59000CC2F2 /* Supporting Files */ = {
			isa = PBXGroup;
			children = (
				C6A324751AAE2F59000CC2F2 /* Info.plist */,
			);
			name = "Supporting Files";
			sourceTree = "<group>";
		};
/* End PBXGroup section */

/* Begin PBXNativeTarget section */
		C6A3245A1AAE2F59000CC2F2 /* DrawShapes */ = {
			isa = PBXNativeTarget;
			buildConfigurationList = C6A3247A1AAE2F59000CC2F2 /* Build configuration list for PBXNativeTarget "DrawShapes" */;
			buildPhases = (
				C6A324571AAE2F59000CC2F2 /* Sources */,
				C6A324581AAE2F59000CC2F2 /* Frameworks */,
				C6A324591AAE2F59000CC2F2 /* Resources */,
			);
			buildRules = (
			);
			dependencies = (
			);
			name = DrawShapes;
			productName = DrawShapes;
			productReference = C6A3245B1AAE2F59000CC2F2 /* DrawShapes.app */;
			productType = "com.apple.product-type.application";
		};
		C6A3246F1AAE2F59000CC2F2 /* DrawShapesTests */ = {
			isa = PBXNativeTarget;
			buildConfigurationList = C6A3247D1AAE2F59000CC2F2 /* Build configuration list for PBXNativeTarget "DrawShapesTests" */;
			buildPhases = (
				C6A3246C1AAE2F59000CC2F2 /* Sources */,
				C6A3246D1AAE2F59000CC2F2 /* Frameworks */,
				C6A3246E1AAE2F59000CC2F2 /* Resources */,
			);
			buildRules = (
			);
			dependencies = (
				C6A324721AAE2F59000CC2F2 /* PBXTargetDependency */,
			);
			name = DrawShapesTests;
			productName = DrawShapesTests;
			productReference = C6A324701AAE2F59000CC2F2 /* DrawShapesTests.xctest */;
			productType = "com.apple.product-type.bundle.unit-test";
		};
/* End PBXNativeTarget section */

/* Begin PBXProject section */
		C6A324531AAE2F59000CC2F2 /* Project object */ = {
			isa = PBXProject;
			attributes = {
				LastUpgradeCheck = 0610;
				ORGANIZATIONNAME = "Jordan Focht";
				TargetAttributes = {
					C6A3245A1AAE2F59000CC2F2 = {
						CreatedOnToolsVersion = 6.1.1;
					};
					C6A3246F1AAE2F59000CC2F2 = {
						CreatedOnToolsVersion = 6.1.1;
						TestTargetID = C6A3245A1AAE2F59000CC2F2;
					};
				};
			};
			buildConfigurationList = C6A324561AAE2F59000CC2F2 /* Build configuration list for PBXProject "DrawShapes" */;
			compatibilityVersion = "Xcode 3.2";
			developmentRegion = English;
			hasScannedForEncodings = 0;
			knownRegions = (
				en,
				Base,
			);
			mainGroup = C6A324521AAE2F59000CC2F2;
			productRefGroup = C6A3245C1AAE2F59000CC2F2 /* Products */;
			projectDirPath = "";
			projectRoot = "";
			targets = (
				C6A3245A1AAE2F59000CC2F2 /* DrawShapes */,
				C6A3246F1AAE2F59000CC2F2 /* DrawShapesTests */,
			);
		};
/* End PBXProject section */

/* Begin PBXResourcesBuildPhase section */
		C6A324591AAE2F59000CC2F2 /* Resources */ = {
			isa = PBXResourcesBuildPhase;
			buildActionMask = 2147483647;
			files = (
				C65D08091AAF731800A18653 /* hand.jpg in Resources */,
				C6A324661AAE2F59000CC2F2 /* Main.storyboard in Resources */,
				C6A3246B1AAE2F59000CC2F2 /* LaunchScreen.xib in Resources */,
				C6A324681AAE2F59000CC2F2 /* Images.xcassets in Resources */,
			);
			runOnlyForDeploymentPostprocessing = 0;
		};
		C6A3246E1AAE2F59000CC2F2 /* Resources */ = {
			isa = PBXResourcesBuildPhase;
			buildActionMask = 2147483647;
			files = (
			);
			runOnlyForDeploymentPostprocessing = 0;
		};
/* End PBXResourcesBuildPhase section */

/* Begin PBXSourcesBuildPhase section */
		C6A324571AAE2F59000CC2F2 /* Sources */ = {
			isa = PBXSourcesBuildPhase;
			buildActionMask = 2147483647;
			files = (
				C65D08031AAE46A900A18653 /* ResizableRectangleView.swift in Sources */,
				C6A324631AAE2F59000CC2F2 /* ViewController.swift in Sources */,
				C65D08051AAE47CB00A18653 /* DrawableView.swift in Sources */,
				C6A324611AAE2F59000CC2F2 /* AppDelegate.swift in Sources */,
				C65D08071AAF356A00A18653 /* ColorPickerView.swift in Sources */,
			);
			runOnlyForDeploymentPostprocessing = 0;
		};
		C6A3246C1AAE2F59000CC2F2 /* Sources */ = {
			isa = PBXSourcesBuildPhase;
			buildActionMask = 2147483647;
			files = (
				C6A324771AAE2F59000CC2F2 /* DrawShapesTests.swift in Sources */,
			);
			runOnlyForDeploymentPostprocessing = 0;
		};
/* End PBXSourcesBuildPhase section */

/* Begin PBXTargetDependency section */
		C6A324721AAE2F59000CC2F2 /* PBXTargetDependency */ = {
			isa = PBXTargetDependency;
			target = C6A3245A1AAE2F59000CC2F2 /* DrawShapes */;
			targetProxy = C6A324711AAE2F59000CC2F2 /* PBXContainerItemProxy */;
		};
/* End PBXTargetDependency section */

/* Begin PBXVariantGroup section */
		C6A324641AAE2F59000CC2F2 /* Main.storyboard */ = {
			isa = PBXVariantGroup;
			children = (
				C6A324651AAE2F59000CC2F2 /* Base */,
			);
			name = Main.storyboard;
			sourceTree = "<group>";
		};
		C6A324691AAE2F59000CC2F2 /* LaunchScreen.xib */ = {
			isa = PBXVariantGroup;
			children = (
				C6A3246A1AAE2F59000CC2F2 /* Base */,
			);
			name = LaunchScreen.xib;
			sourceTree = "<group>";
		};
/* End PBXVariantGroup section */

/* Begin XCBuildConfiguration section */
		C6A324781AAE2F59000CC2F2 /* Debug */ = {
			isa = XCBuildConfiguration;
			buildSettings = {
				ALWAYS_SEARCH_USER_PATHS = NO;
				CLANG_CXX_LANGUAGE_STANDARD = "gnu++0x";
				CLANG_CXX_LIBRARY = "libc++";
				CLANG_ENABLE_MODULES = YES;
				CLANG_ENABLE_OBJC_ARC = YES;
				CLANG_WARN_BOOL_CONVERSION = YES;
				CLANG_WARN_CONSTANT_CONVERSION = YES;
				CLANG_WARN_DIRECT_OBJC_ISA_USAGE = YES_ERROR;
				CLANG_WARN_EMPTY_BODY = YES;
				CLANG_WARN_ENUM_CONVERSION = YES;
				CLANG_WARN_INT_CONVERSION = YES;
				CLANG_WARN_OBJC_ROOT_CLASS = YES_ERROR;
				CLANG_WARN_UNREACHABLE_CODE = YES;
				CLANG_WARN__DUPLICATE_METHOD_MATCH = YES;
				"CODE_SIGN_IDENTITY[sdk=iphoneos*]" = "iPhone Developer";
				COPY_PHASE_STRIP = NO;
				ENABLE_STRICT_OBJC_MSGSEND = YES;
				GCC_C_LANGUAGE_STANDARD = gnu99;
				GCC_DYNAMIC_NO_PIC = NO;
				GCC_OPTIMIZATION_LEVEL = 0;
				GCC_PREPROCESSOR_DEFINITIONS = (
					"DEBUG=1",
					"$(inherited)",
				);
				GCC_SYMBOLS_PRIVATE_EXTERN = NO;
				GCC_WARN_64_TO_32_BIT_CONVERSION = YES;
				GCC_WARN_ABOUT_RETURN_TYPE = YES_ERROR;
				GCC_WARN_UNDECLARED_SELECTOR = YES;
				GCC_WARN_UNINITIALIZED_AUTOS = YES_AGGRESSIVE;
				GCC_WARN_UNUSED_FUNCTION = YES;
				GCC_WARN_UNUSED_VARIABLE = YES;
				IPHONEOS_DEPLOYMENT_TARGET = 8.1;
				MTL_ENABLE_DEBUG_INFO = YES;
				ONLY_ACTIVE_ARCH = YES;
				SDKROOT = iphoneos;
				SWIFT_OPTIMIZATION_LEVEL = "-Onone";
				TARGETED_DEVICE_FAMILY = "1,2";
			};
			name = Debug;
		};
		C6A324791AAE2F59000CC2F2 /* Release */ = {
			isa = XCBuildConfiguration;
			buildSettings = {
				ALWAYS_SEARCH_USER_PATHS = NO;
				CLANG_CXX_LANGUAGE_STANDARD = "gnu++0x";
				CLANG_CXX_LIBRARY = "libc++";
				CLANG_ENABLE_MODULES = YES;
				CLANG_ENABLE_OBJC_ARC = YES;
				CLANG_WARN_BOOL_CONVERSION = YES;
				CLANG_WARN_CONSTANT_CONVERSION = YES;
				CLANG_WARN_DIRECT_OBJC_ISA_USAGE = YES_ERROR;
				CLANG_WARN_EMPTY_BODY = YES;
				CLANG_WARN_ENUM_CONVERSION = YES;
				CLANG_WARN_INT_CONVERSION = YES;
				CLANG_WARN_OBJC_ROOT_CLASS = YES_ERROR;
				CLANG_WARN_UNREACHABLE_CODE = YES;
				CLANG_WARN__DUPLICATE_METHOD_MATCH = YES;
				"CODE_SIGN_IDENTITY[sdk=iphoneos*]" = "iPhone Developer";
				COPY_PHASE_STRIP = YES;
				ENABLE_NS_ASSERTIONS = NO;
				ENABLE_STRICT_OBJC_MSGSEND = YES;
				GCC_C_LANGUAGE_STANDARD = gnu99;
				GCC_WARN_64_TO_32_BIT_CONVERSION = YES;
				GCC_WARN_ABOUT_RETURN_TYPE = YES_ERROR;
				GCC_WARN_UNDECLARED_SELECTOR = YES;
				GCC_WARN_UNINITIALIZED_AUTOS = YES_AGGRESSIVE;
				GCC_WARN_UNUSED_FUNCTION = YES;
				GCC_WARN_UNUSED_VARIABLE = YES;
				IPHONEOS_DEPLOYMENT_TARGET = 8.1;
				MTL_ENABLE_DEBUG_INFO = NO;
				SDKROOT = iphoneos;
				TARGETED_DEVICE_FAMILY = "1,2";
				VALIDATE_PRODUCT = YES;
			};
			name = Release;
		};
		C6A3247B1AAE2F59000CC2F2 /* Debug */ = {
			isa = XCBuildConfiguration;
			buildSettings = {
				ASSETCATALOG_COMPILER_APPICON_NAME = AppIcon;
				INFOPLIST_FILE = DrawShapes/Info.plist;
				LD_RUNPATH_SEARCH_PATHS = "$(inherited) @executable_path/Frameworks";
				PRODUCT_NAME = "$(TARGET_NAME)";
			};
			name = Debug;
		};
		C6A3247C1AAE2F59000CC2F2 /* Release */ = {
			isa = XCBuildConfiguration;
			buildSettings = {
				ASSETCATALOG_COMPILER_APPICON_NAME = AppIcon;
				INFOPLIST_FILE = DrawShapes/Info.plist;
				LD_RUNPATH_SEARCH_PATHS = "$(inherited) @executable_path/Frameworks";
				PRODUCT_NAME = "$(TARGET_NAME)";
			};
			name = Release;
		};
		C6A3247E1AAE2F59000CC2F2 /* Debug */ = {
			isa = XCBuildConfiguration;
			buildSettings = {
				BUNDLE_LOADER = "$(TEST_HOST)";
				FRAMEWORK_SEARCH_PATHS = (
					"$(SDKROOT)/Developer/Library/Frameworks",
					"$(inherited)",
				);
				GCC_PREPROCESSOR_DEFINITIONS = (
					"DEBUG=1",
					"$(inherited)",
				);
				INFOPLIST_FILE = DrawShapesTests/Info.plist;
				LD_RUNPATH_SEARCH_PATHS = "$(inherited) @executable_path/Frameworks @loader_path/Frameworks";
				PRODUCT_NAME = "$(TARGET_NAME)";
				TEST_HOST = "$(BUILT_PRODUCTS_DIR)/DrawShapes.app/DrawShapes";
			};
			name = Debug;
		};
		C6A3247F1AAE2F59000CC2F2 /* Release */ = {
			isa = XCBuildConfiguration;
			buildSettings = {
				BUNDLE_LOADER = "$(TEST_HOST)";
				FRAMEWORK_SEARCH_PATHS = (
					"$(SDKROOT)/Developer/Library/Frameworks",
					"$(inherited)",
				);
				INFOPLIST_FILE = DrawShapesTests/Info.plist;
				LD_RUNPATH_SEARCH_PATHS = "$(inherited) @executable_path/Frameworks @loader_path/Frameworks";
				PRODUCT_NAME = "$(TARGET_NAME)";
				TEST_HOST = "$(BUILT_PRODUCTS_DIR)/DrawShapes.app/DrawShapes";
			};
			name = Release;
		};
/* End XCBuildConfiguration section */

/* Begin XCConfigurationList section */
		C6A324561AAE2F59000CC2F2 /* Build configuration list for PBXProject "DrawShapes" */ = {
			isa = XCConfigurationList;
			buildConfigurations = (
				C6A324781AAE2F59000CC2F2 /* Debug */,
				C6A324791AAE2F59000CC2F2 /* Release */,
			);
			defaultConfigurationIsVisible = 0;
			defaultConfigurationName = Release;
		};
		C6A3247A1AAE2F59000CC2F2 /* Build configuration list for PBXNativeTarget "DrawShapes" */ = {
			isa = XCConfigurationList;
			buildConfigurations = (
				C6A3247B1AAE2F59000CC2F2 /* Debug */,
				C6A3247C1AAE2F59000CC2F2 /* Release */,
			);
			defaultConfigurationIsVisible = 0;
			defaultConfigurationName = Release;
		};
		C6A3247D1AAE2F59000CC2F2 /* Build configuration list for PBXNativeTarget "DrawShapesTests" */ = {
			isa = XCConfigurationList;
			buildConfigurations = (
				C6A3247E1AAE2F59000CC2F2 /* Debug */,
				C6A3247F1AAE2F59000CC2F2 /* Release */,
			);
			defaultConfigurationIsVisible = 0;
			defaultConfigurationName = Release;
		};
/* End XCConfigurationList section */
	};
	rootObject = C6A324531AAE2F59000CC2F2 /* Project object */;
}
